
Microsoft Visual Studio Solution File, Format Version 12.00
# Visual Studio Version 17
VisualStudioVersion = 17.10.36227.11
MinimumVisualStudioVersion = 10.0.40219.1
Project("{FAE04EC0-301F-11D3-BF4B-00C04F79EFBC}") = "LearningManagement", "LearningManagement.csproj", "{A719DC2B-637F-4912-BCD7-F5FE101DD1CB}"
EndProject
Global
	GlobalSection(SolutionConfigurationPlatforms) = preSolution
		Debug|Any CPU = Debug|Any CPU
		Release|Any CPU = Release|Any CPU
	EndGlobalSection
	GlobalSection(ProjectConfigurationPlatforms) = postSolution
		{A719DC2B-637F-4912-BCD7-F5FE101DD1CB}.Debug|Any CPU.ActiveCfg = Debug|Any CPU
		{A719DC2B-637F-4912-BCD7-F5FE101DD1CB}.Debug|Any CPU.Build.0 = Debug|Any CPU
		{A719DC2B-637F-4912-BCD7-F5FE101DD1CB}.Release|Any CPU.ActiveCfg = Release|Any CPU
		{A719DC2B-637F-4912-BCD7-F5FE101DD1CB}.Release|Any CPU.Build.0 = Release|Any CPU
	EndGlobalSection
	GlobalSection(SolutionProperties) = preSolution
		HideSolutionNode = FALSE
	EndGlobalSection
	GlobalSection(ExtensibilityGlobals) = postSolution
		SolutionGuid = {37F79567-A1BC-4205-9D27-D62535D5A605}
	EndGlobalSection
EndGlobal
